
Microsoft Visual Studio Solution File, Format Version 12.00
# Visual Studio Version 17
VisualStudioVersion = 17.3.32819.101
MinimumVisualStudioVersion = 10.0.40219.1
Project("{9A19103F-16F7-4668-BE54-9A1E7A4F7556}") = "D05_P01", "D05_P01\D05_P01.csproj", "{D1844483-D469-4319-9582-0CDBC599043F}"
EndProject
Project("{FAE04EC0-301F-11D3-BF4B-00C04F79EFBC}") = "D05_P02", "D05_P02\D05_P02.csproj", "{D01F5926-CBB7-4341-B710-45E6A366B2D5}"
EndProject
Project("{FAE04EC0-301F-11D3-BF4B-00C04F79EFBC}") = "D05_P03", "D05_P03\D05_P03.csproj", "{143D108B-9C36-4041-9166-6AA6DC77AEB3}"
EndProject
Project("{FAE04EC0-301F-11D3-BF4B-00C04F79EFBC}") = "D05_P04", "D05_P04\D05_P04.csproj", "{E7D8049C-F231-43BE-AA6F-CFB09AD196F8}"
EndProject
Project("{FAE04EC0-301F-11D3-BF4B-00C04F79EFBC}") = "D05_P05", "D05_P05\D05_P05.csproj", "{DE34B5A2-4B87-4B87-AA85-339CE3702B52}"
EndProject
Project("{FAE04EC0-301F-11D3-BF4B-00C04F79EFBC}") = "D05_P06", "D05_P06\D05_P06.csproj", "{D52CF14B-3884-41FF-9405-45A0A6BD32E9}"
EndProject
Project("{FAE04EC0-301F-11D3-BF4B-00C04F79EFBC}") = "D06_P02", "D06_P02\D06_P02.csproj", "{E9FED678-4A14-4499-B05B-94D3F2E54350}"
EndProject
Project("{FAE04EC0-301F-11D3-BF4B-00C04F79EFBC}") = "D06_P03", "D06_P03\D06_P03.csproj", "{50E30859-8BB1-4828-B6ED-0B0B68E350EA}"
EndProject
Project("{FAE04EC0-301F-11D3-BF4B-00C04F79EFBC}") = "D06_P04", "D06_P04\D06_P04.csproj", "{85EB40E9-7261-4531-9E91-7548817AEA8F}"
EndProject
Project("{FAE04EC0-301F-11D3-BF4B-00C04F79EFBC}") = "D06_P05", "D06_P05\D06_P05.csproj", "{0119E1AF-E0B4-4F54-AD32-BC63C77899F8}"
EndProject
Project("{FAE04EC0-301F-11D3-BF4B-00C04F79EFBC}") = "D07_P01", "D07_P01\D07_P01.csproj", "{1ACDC729-FF74-4443-AA41-84BC126CDE63}"
EndProject
Project("{FAE04EC0-301F-11D3-BF4B-00C04F79EFBC}") = "D08_P02", "D08_P02\D08_P02.csproj", "{E5702B03-B9E9-4309-93B8-D1E9B8405461}"
EndProject
Project("{FAE04EC0-301F-11D3-BF4B-00C04F79EFBC}") = "D08_P03", "D08_P03\D08_P03.csproj", "{08C6A731-DADE-4EC1-8DAF-81051B35E6A0}"
EndProject
Project("{FAE04EC0-301F-11D3-BF4B-00C04F79EFBC}") = "D08_P04", "D08_P04\D08_P04.csproj", "{DA846D09-C5F6-48F2-92EF-1E861BAF48E5}"
EndProject
Project("{FAE04EC0-301F-11D3-BF4B-00C04F79EFBC}") = "D10_P04", "D10_P04\D10_P04.csproj", "{3B066A52-8A06-4240-8F27-A643642A6F78}"
EndProject
Project("{FAE04EC0-301F-11D3-BF4B-00C04F79EFBC}") = "D10-2_P03", "D10-2_P03\D10-2_P03.csproj", "{7B724418-A9DB-4DA1-B978-F50C8DC6D993}"
EndProject
Project("{FAE04EC0-301F-11D3-BF4B-00C04F79EFBC}") = "D10-2_P04", "D10-2_P04\D10-2_P04.csproj", "{D578A8E0-5449-4E1E-A581-6CF26E4BAD8C}"
EndProject
Project("{FAE04EC0-301F-11D3-BF4B-00C04F79EFBC}") = "D15_P03", "D15_P03\D15_P03.csproj", "{84EE0E70-3D6B-4453-9A53-363088E17142}"
EndProject
Project("{FAE04EC0-301F-11D3-BF4B-00C04F79EFBC}") = "D15_P04", "D15_P04\D15_P04.csproj", "{3749E874-50F3-412D-9212-BBD80C615D3C}"
EndProject
Project("{FAE04EC0-301F-11D3-BF4B-00C04F79EFBC}") = "D15_P05", "D15_P05\D15_P05.csproj", "{670BAC93-675C-44D2-BF14-34BAF562684A}"
EndProject
Global
	GlobalSection(SolutionConfigurationPlatforms) = preSolution
		Debug|Any CPU = Debug|Any CPU
		Release|Any CPU = Release|Any CPU
	EndGlobalSection
	GlobalSection(ProjectConfigurationPlatforms) = postSolution
		{D1844483-D469-4319-9582-0CDBC599043F}.Debug|Any CPU.ActiveCfg = Debug|Any CPU
		{D1844483-D469-4319-9582-0CDBC599043F}.Debug|Any CPU.Build.0 = Debug|Any CPU
		{D1844483-D469-4319-9582-0CDBC599043F}.Release|Any CPU.ActiveCfg = Release|Any CPU
		{D1844483-D469-4319-9582-0CDBC599043F}.Release|Any CPU.Build.0 = Release|Any CPU
		{D01F5926-CBB7-4341-B710-45E6A366B2D5}.Debug|Any CPU.ActiveCfg = Debug|Any CPU
		{D01F5926-CBB7-4341-B710-45E6A366B2D5}.Debug|Any CPU.Build.0 = Debug|Any CPU
		{D01F5926-CBB7-4341-B710-45E6A366B2D5}.Release|Any CPU.ActiveCfg = Release|Any CPU
		{D01F5926-CBB7-4341-B710-45E6A366B2D5}.Release|Any CPU.Build.0 = Release|Any CPU
		{143D108B-9C36-4041-9166-6AA6DC77AEB3}.Debug|Any CPU.ActiveCfg = Debug|Any CPU
		{143D108B-9C36-4041-9166-6AA6DC77AEB3}.Debug|Any CPU.Build.0 = Debug|Any CPU
		{143D108B-9C36-4041-9166-6AA6DC77AEB3}.Release|Any CPU.ActiveCfg = Release|Any CPU
		{143D108B-9C36-4041-9166-6AA6DC77AEB3}.Release|Any CPU.Build.0 = Release|Any CPU
		{E7D8049C-F231-43BE-AA6F-CFB09AD196F8}.Debug|Any CPU.ActiveCfg = Debug|Any CPU
		{E7D8049C-F231-43BE-AA6F-CFB09AD196F8}.Debug|Any CPU.Build.0 = Debug|Any CPU
		{E7D8049C-F231-43BE-AA6F-CFB09AD196F8}.Release|Any CPU.ActiveCfg = Release|Any CPU
		{E7D8049C-F231-43BE-AA6F-CFB09AD196F8}.Release|Any CPU.Build.0 = Release|Any CPU
		{DE34B5A2-4B87-4B87-AA85-339CE3702B52}.Debug|Any CPU.ActiveCfg = Debug|Any CPU
		{DE34B5A2-4B87-4B87-AA85-339CE3702B52}.Debug|Any CPU.Build.0 = Debug|Any CPU
		{DE34B5A2-4B87-4B87-AA85-339CE3702B52}.Release|Any CPU.ActiveCfg = Release|Any CPU
		{DE34B5A2-4B87-4B87-AA85-339CE3702B52}.Release|Any CPU.Build.0 = Release|Any CPU
		{D52CF14B-3884-41FF-9405-45A0A6BD32E9}.Debug|Any CPU.ActiveCfg = Debug|Any CPU
		{D52CF14B-3884-41FF-9405-45A0A6BD32E9}.Debug|Any CPU.Build.0 = Debug|Any CPU
		{D52CF14B-3884-41FF-9405-45A0A6BD32E9}.Release|Any CPU.ActiveCfg = Release|Any CPU
		{D52CF14B-3884-41FF-9405-45A0A6BD32E9}.Release|Any CPU.Build.0 = Release|Any CPU
		{E9FED678-4A14-4499-B05B-94D3F2E54350}.Debug|Any CPU.ActiveCfg = Debug|Any CPU
		{E9FED678-4A14-4499-B05B-94D3F2E54350}.Debug|Any CPU.Build.0 = Debug|Any CPU
		{E9FED678-4A14-4499-B05B-94D3F2E54350}.Release|Any CPU.ActiveCfg = Release|Any CPU
		{E9FED678-4A14-4499-B05B-94D3F2E54350}.Release|Any CPU.Build.0 = Release|Any CPU
		{50E30859-8BB1-4828-B6ED-0B0B68E350EA}.Debug|Any CPU.ActiveCfg = Debug|Any CPU
		{50E30859-8BB1-4828-B6ED-0B0B68E350EA}.Debug|Any CPU.Build.0 = Debug|Any CPU
		{50E30859-8BB1-4828-B6ED-0B0B68E350EA}.Release|Any CPU.ActiveCfg = Release|Any CPU
		{50E30859-8BB1-4828-B6ED-0B0B68E350EA}.Release|Any CPU.Build.0 = Release|Any CPU
		{85EB40E9-7261-4531-9E91-7548817AEA8F}.Debug|Any CPU.ActiveCfg = Debug|Any CPU
		{85EB40E9-7261-4531-9E91-7548817AEA8F}.Debug|Any CPU.Build.0 = Debug|Any CPU
		{85EB40E9-7261-4531-9E91-7548817AEA8F}.Release|Any CPU.ActiveCfg = Release|Any CPU
		{85EB40E9-7261-4531-9E91-7548817AEA8F}.Release|Any CPU.Build.0 = Release|Any CPU
		{0119E1AF-E0B4-4F54-AD32-BC63C77899F8}.Debug|Any CPU.ActiveCfg = Debug|Any CPU
		{0119E1AF-E0B4-4F54-AD32-BC63C77899F8}.Debug|Any CPU.Build.0 = Debug|Any CPU
		{0119E1AF-E0B4-4F54-AD32-BC63C77899F8}.Release|Any CPU.ActiveCfg = Release|Any CPU
		{0119E1AF-E0B4-4F54-AD32-BC63C77899F8}.Release|Any CPU.Build.0 = Release|Any CPU
		{1ACDC729-FF74-4443-AA41-84BC126CDE63}.Debug|Any CPU.ActiveCfg = Debug|Any CPU
		{1ACDC729-FF74-4443-AA41-84BC126CDE63}.Debug|Any CPU.Build.0 = Debug|Any CPU
		{1ACDC729-FF74-4443-AA41-84BC126CDE63}.Release|Any CPU.ActiveCfg = Release|Any CPU
		{1ACDC729-FF74-4443-AA41-84BC126CDE63}.Release|Any CPU.Build.0 = Release|Any CPU
		{E5702B03-B9E9-4309-93B8-D1E9B8405461}.Debug|Any CPU.ActiveCfg = Debug|Any CPU
		{E5702B03-B9E9-4309-93B8-D1E9B8405461}.Debug|Any CPU.Build.0 = Debug|Any CPU
		{E5702B03-B9E9-4309-93B8-D1E9B8405461}.Release|Any CPU.ActiveCfg = Release|Any CPU
		{E5702B03-B9E9-4309-93B8-D1E9B8405461}.Release|Any CPU.Build.0 = Release|Any CPU
		{08C6A731-DADE-4EC1-8DAF-81051B35E6A0}.Debug|Any CPU.ActiveCfg = Debug|Any CPU
		{08C6A731-DADE-4EC1-8DAF-81051B35E6A0}.Debug|Any CPU.Build.0 = Debug|Any CPU
		{08C6A731-DADE-4EC1-8DAF-81051B35E6A0}.Release|Any CPU.ActiveCfg = Release|Any CPU
		{08C6A731-DADE-4EC1-8DAF-81051B35E6A0}.Release|Any CPU.Build.0 = Release|Any CPU
		{DA846D09-C5F6-48F2-92EF-1E861BAF48E5}.Debug|Any CPU.ActiveCfg = Debug|Any CPU
		{DA846D09-C5F6-48F2-92EF-1E861BAF48E5}.Debug|Any CPU.Build.0 = Debug|Any CPU
		{DA846D09-C5F6-48F2-92EF-1E861BAF48E5}.Release|Any CPU.ActiveCfg = Release|Any CPU
		{DA846D09-C5F6-48F2-92EF-1E861BAF48E5}.Release|Any CPU.Build.0 = Release|Any CPU
		{3B066A52-8A06-4240-8F27-A643642A6F78}.Debug|Any CPU.ActiveCfg = Debug|Any CPU
		{3B066A52-8A06-4240-8F27-A643642A6F78}.Debug|Any CPU.Build.0 = Debug|Any CPU
		{3B066A52-8A06-4240-8F27-A643642A6F78}.Release|Any CPU.ActiveCfg = Release|Any CPU
		{3B066A52-8A06-4240-8F27-A643642A6F78}.Release|Any CPU.Build.0 = Release|Any CPU
		{7B724418-A9DB-4DA1-B978-F50C8DC6D993}.Debug|Any CPU.ActiveCfg = Debug|Any CPU
		{7B724418-A9DB-4DA1-B978-F50C8DC6D993}.Debug|Any CPU.Build.0 = Debug|Any CPU
		{7B724418-A9DB-4DA1-B978-F50C8DC6D993}.Release|Any CPU.ActiveCfg = Release|Any CPU
		{7B724418-A9DB-4DA1-B978-F50C8DC6D993}.Release|Any CPU.Build.0 = Release|Any CPU
		{D578A8E0-5449-4E1E-A581-6CF26E4BAD8C}.Debug|Any CPU.ActiveCfg = Debug|Any CPU
		{D578A8E0-5449-4E1E-A581-6CF26E4BAD8C}.Debug|Any CPU.Build.0 = Debug|Any CPU
		{D578A8E0-5449-4E1E-A581-6CF26E4BAD8C}.Release|Any CPU.ActiveCfg = Release|Any CPU
		{D578A8E0-5449-4E1E-A581-6CF26E4BAD8C}.Release|Any CPU.Build.0 = Release|Any CPU
		{84EE0E70-3D6B-4453-9A53-363088E17142}.Debug|Any CPU.ActiveCfg = Debug|Any CPU
		{84EE0E70-3D6B-4453-9A53-363088E17142}.Debug|Any CPU.Build.0 = Debug|Any CPU
		{84EE0E70-3D6B-4453-9A53-363088E17142}.Release|Any CPU.ActiveCfg = Release|Any CPU
		{84EE0E70-3D6B-4453-9A53-363088E17142}.Release|Any CPU.Build.0 = Release|Any CPU
		{3749E874-50F3-412D-9212-BBD80C615D3C}.Debug|Any CPU.ActiveCfg = Debug|Any CPU
		{3749E874-50F3-412D-9212-BBD80C615D3C}.Debug|Any CPU.Build.0 = Debug|Any CPU
		{3749E874-50F3-412D-9212-BBD80C615D3C}.Release|Any CPU.ActiveCfg = Release|Any CPU
		{3749E874-50F3-412D-9212-BBD80C615D3C}.Release|Any CPU.Build.0 = Release|Any CPU
		{670BAC93-675C-44D2-BF14-34BAF562684A}.Debug|Any CPU.ActiveCfg = Debug|Any CPU
		{670BAC93-675C-44D2-BF14-34BAF562684A}.Debug|Any CPU.Build.0 = Debug|Any CPU
		{670BAC93-675C-44D2-BF14-34BAF562684A}.Release|Any CPU.ActiveCfg = Release|Any CPU
		{670BAC93-675C-44D2-BF14-34BAF562684A}.Release|Any CPU.Build.0 = Release|Any CPU
	EndGlobalSection
	GlobalSection(SolutionProperties) = preSolution
		HideSolutionNode = FALSE
	EndGlobalSection
	GlobalSection(ExtensibilityGlobals) = postSolution
		SolutionGuid = {D4588F42-9294-49D7-A75A-58456B79221D}
	EndGlobalSection
EndGlobal
