
Microsoft Visual Studio Solution File, Format Version 12.00
# Visual Studio Version 17
VisualStudioVersion = 17.3.32819.101
MinimumVisualStudioVersion = 10.0.40219.1
Project("{FAE04EC0-301F-11D3-BF4B-00C04F79EFBC}") = "Product_Web", "Product_Web\Product_Web.csproj", "{F01A1100-5328-46AC-88D6-E5FC929C7FFC}"
EndProject
Global
	GlobalSection(SolutionConfigurationPlatforms) = preSolution
		Debug|Any CPU = Debug|Any CPU
		Release|Any CPU = Release|Any CPU
	EndGlobalSection
	GlobalSection(ProjectConfigurationPlatforms) = postSolution
		{F01A1100-5328-46AC-88D6-E5FC929C7FFC}.Debug|Any CPU.ActiveCfg = Debug|Any CPU
		{F01A1100-5328-46AC-88D6-E5FC929C7FFC}.Debug|Any CPU.Build.0 = Debug|Any CPU
		{F01A1100-5328-46AC-88D6-E5FC929C7FFC}.Release|Any CPU.ActiveCfg = Release|Any CPU
		{F01A1100-5328-46AC-88D6-E5FC929C7FFC}.Release|Any CPU.Build.0 = Release|Any CPU
	EndGlobalSection
	GlobalSection(SolutionProperties) = preSolution
		HideSolutionNode = FALSE
	EndGlobalSection
	GlobalSection(ExtensibilityGlobals) = postSolution
		SolutionGuid = {6A26FC2A-EBA9-47CD-91AA-7317E32EB7C3}
	EndGlobalSection
EndGlobal
