
Microsoft Visual Studio Solution File, Format Version 12.00
# Visual Studio Version 17
VisualStudioVersion = 17.3.32819.101
MinimumVisualStudioVersion = 10.0.40219.1
Project("{FAE04EC0-301F-11D3-BF4B-00C04F79EFBC}") = "Product_Application", "Product_Application\Product_Application.csproj", "{80DA085C-0846-41AB-9B4E-4228F9EB5850}"
EndProject
Project("{FAE04EC0-301F-11D3-BF4B-00C04F79EFBC}") = "Product_Application_MVC", "Product_Application_MVC\Product_Application_MVC.csproj", "{9E2241DE-FC8B-4FFC-9C22-6599437BB485}"
EndProject
Global
	GlobalSection(SolutionConfigurationPlatforms) = preSolution
		Debug|Any CPU = Debug|Any CPU
		Release|Any CPU = Release|Any CPU
	EndGlobalSection
	GlobalSection(ProjectConfigurationPlatforms) = postSolution
		{80DA085C-0846-41AB-9B4E-4228F9EB5850}.Debug|Any CPU.ActiveCfg = Debug|Any CPU
		{80DA085C-0846-41AB-9B4E-4228F9EB5850}.Debug|Any CPU.Build.0 = Debug|Any CPU
		{80DA085C-0846-41AB-9B4E-4228F9EB5850}.Release|Any CPU.ActiveCfg = Release|Any CPU
		{80DA085C-0846-41AB-9B4E-4228F9EB5850}.Release|Any CPU.Build.0 = Release|Any CPU
		{9E2241DE-FC8B-4FFC-9C22-6599437BB485}.Debug|Any CPU.ActiveCfg = Debug|Any CPU
		{9E2241DE-FC8B-4FFC-9C22-6599437BB485}.Debug|Any CPU.Build.0 = Debug|Any CPU
		{9E2241DE-FC8B-4FFC-9C22-6599437BB485}.Release|Any CPU.ActiveCfg = Release|Any CPU
		{9E2241DE-FC8B-4FFC-9C22-6599437BB485}.Release|Any CPU.Build.0 = Release|Any CPU
	EndGlobalSection
	GlobalSection(SolutionProperties) = preSolution
		HideSolutionNode = FALSE
	EndGlobalSection
	GlobalSection(ExtensibilityGlobals) = postSolution
		SolutionGuid = {1488A087-645D-4D99-BE2B-0973D05D7FC7}
	EndGlobalSection
EndGlobal
